
Microsoft Visual Studio Solution File, Format Version 12.00
# Visual Studio Version 17
VisualStudioVersion = 17.1.32328.378
MinimumVisualStudioVersion = 10.0.40219.1
Project("{FAE04EC0-301F-11D3-BF4B-00C04F79EFBC}") = "InterviewSchedulingProject1", "InterviewSchedulingProject1\InterviewSchedulingProject1.csproj", "{BB4FD096-EC7A-4F86-9E85-0D38F4F9EC02}"
EndProject
Global
	GlobalSection(SolutionConfigurationPlatforms) = preSolution
		Debug|Any CPU = Debug|Any CPU
		Release|Any CPU = Release|Any CPU
	EndGlobalSection
	GlobalSection(ProjectConfigurationPlatforms) = postSolution
		{BB4FD096-EC7A-4F86-9E85-0D38F4F9EC02}.Debug|Any CPU.ActiveCfg = Debug|Any CPU
		{BB4FD096-EC7A-4F86-9E85-0D38F4F9EC02}.Debug|Any CPU.Build.0 = Debug|Any CPU
		{BB4FD096-EC7A-4F86-9E85-0D38F4F9EC02}.Release|Any CPU.ActiveCfg = Release|Any CPU
		{BB4FD096-EC7A-4F86-9E85-0D38F4F9EC02}.Release|Any CPU.Build.0 = Release|Any CPU
	EndGlobalSection
	GlobalSection(SolutionProperties) = preSolution
		HideSolutionNode = FALSE
	EndGlobalSection
	GlobalSection(ExtensibilityGlobals) = postSolution
		SolutionGuid = {2570292B-6BE3-478B-8C33-BC5F55096200}
	EndGlobalSection
EndGlobal
